{
  "nodes": {
    "darwin": {
      "inputs": {
        "nixpkgs": [
          "nixpkgs"
        ]
      },
      "locked": {
        "lastModified": 1613595894,
        "narHash": "sha256-MOk/7rCAUB5Lf4GL+HimvyAAZXYEw8gWsq5nW4PPQQA=",
        "owner": "lnl7",
        "repo": "nix-darwin",
        "rev": "5c3146b75d5d478f0693d0ea6c83f1da8382ff56",
        "type": "github"
      },
      "original": {
        "owner": "lnl7",
        "ref": "master",
        "repo": "nix-darwin",
        "type": "github"
      }
    },
    "emacs-overlay": {
      "locked": {
        "lastModified": 1615292528,
        "narHash": "sha256-5adYCwp0B3IOj+g61C5RfVgvKshN0+R4gWJXLYTnUtA=",
        "owner": "nix-community",
        "repo": "emacs-overlay",
        "rev": "f69c18c3709a6f7db6599dc3e19a3882f1694651",
        "type": "github"
      },
      "original": {
        "owner": "nix-community",
        "repo": "emacs-overlay",
        "type": "github"
      }
    },
    "home-manager": {
      "inputs": {
        "nixpkgs": [
          "nixpkgs"
        ]
      },
      "locked": {
        "lastModified": 1615236417,
        "narHash": "sha256-ialggc4ff+coOaKIxreoynh+FPSs2cergePIQE1U8jE=",
        "owner": "nix-community",
        "repo": "home-manager",
        "rev": "57a7e5e2c53de58215fdac1910470bef36dd30cd",
        "type": "github"
      },
      "original": {
        "owner": "nix-community",
        "repo": "home-manager",
        "type": "github"
      }
    },
    "nixpkgs": {
      "locked": {
        "lastModified": 1615229948,
        "narHash": "sha256-bVADeNndFwv2V5oWTYM/5Dx6Eqfvb6bY8uR5ODRkUZM=",
        "owner": "nixos",
        "repo": "nixpkgs",
        "rev": "1c7f02b0b9f115ccbc122ce39ae99debc1af857a",
        "type": "github"
      },
      "original": {
        "owner": "nixos",
        "ref": "nixpkgs-20.09-darwin",
        "repo": "nixpkgs",
        "type": "github"
      }
    },
    "root": {
      "inputs": {
        "darwin": "darwin",
        "emacs-overlay": "emacs-overlay",
        "home-manager": "home-manager",
        "nixpkgs": "nixpkgs"
      }
    }
  },
  "root": "root",
  "version": 7
}
