{
  "nodes": {
    "darwin": {
      "inputs": {
        "nixpkgs": [
          "nixpkgs"
        ]
      },
      "locked": {
        "lastModified": 1642495030,
        "narHash": "sha256-u1ZlFbLWzkM6zOfuZ1tr0tzTuDWucOYwALPWDWLorkE=",
        "owner": "lnl7",
        "repo": "nix-darwin",
        "rev": "bcdb6022b3a300abf59cb5d0106c158940f5120e",
        "type": "github"
      },
      "original": {
        "owner": "lnl7",
        "ref": "master",
        "repo": "nix-darwin",
        "type": "github"
      }
    },
    "emacs-overlay": {
      "locked": {
        "lastModified": 1643654464,
        "narHash": "sha256-f7k7ME45Hj3ljf6jfu9kTc4jDNs8BNBG+cu0MhHgOxk=",
        "owner": "nix-community",
        "repo": "emacs-overlay",
        "rev": "13d3600399b5e51c045e03de0576120f3bbcbf0e",
        "type": "github"
      },
      "original": {
        "owner": "nix-community",
        "repo": "emacs-overlay",
        "type": "github"
      }
    },
    "home-manager": {
      "inputs": {
        "nixpkgs": [
          "nixpkgs"
        ]
      },
      "locked": {
        "lastModified": 1642653493,
        "narHash": "sha256-22mGPjiHUo2Jmze4IjXCJLjeK2mbvvCztHmUyUMr4yw=",
        "owner": "nix-community",
        "repo": "home-manager",
        "rev": "28b9ae40c45c5e7711c353fee1b7af734e293979",
        "type": "github"
      },
      "original": {
        "owner": "nix-community",
        "ref": "release-21.11",
        "repo": "home-manager",
        "type": "github"
      }
    },
    "nixpkgs": {
      "locked": {
        "lastModified": 1643659724,
        "narHash": "sha256-Nbqsx8F6zQ4McvtYZirMQnGGZKK/toBN+D/KAotlFJY=",
        "owner": "nixos",
        "repo": "nixpkgs",
        "rev": "020d63c7e9734fda828f34513be02aa1b103c501",
        "type": "github"
      },
      "original": {
        "owner": "nixos",
        "ref": "release-21.11",
        "repo": "nixpkgs",
        "type": "github"
      }
    },
    "nixpkgs-unstable": {
      "locked": {
        "lastModified": 1644125761,
        "narHash": "sha256-M1cSkPqjOBAN4RMXhQ0YC5AOvxU+i9E9SZ+grFrs7SU=",
        "owner": "nixos",
        "repo": "nixpkgs",
        "rev": "df4f1f7cc3fc5eb4c5a24adb0a6df889863c9d62",
        "type": "github"
      },
      "original": {
        "owner": "nixos",
        "ref": "release-21.11",
        "repo": "nixpkgs",
        "type": "github"
      }
    },
    "root": {
      "inputs": {
        "darwin": "darwin",
        "emacs-overlay": "emacs-overlay",
        "home-manager": "home-manager",
        "nixpkgs": "nixpkgs",
        "nixpkgs-unstable": "nixpkgs-unstable"
      }
    }
  },
  "root": "root",
  "version": 7
}
