{
  "nodes": {
    "nixpkgs": {
      "locked": {
        "lastModified": 1671752829,
        "narHash": "sha256-oFeJzAq0iRL6md9Si8Tx9bltjwjLmldvgUmAteMhYW4=",
        "owner": "NixOS",
        "repo": "nixpkgs",
        "rev": "9898811c658d39b2692d0ab744377e02fd85d08b",
        "type": "github"
      },
      "original": {
        "id": "nixpkgs",
        "ref": "nixos-22.11",
        "type": "indirect"
      }
    },
    "root": {
      "inputs": {
        "nixpkgs": "nixpkgs"
      }
    }
  },
  "root": "root",
  "version": 7
}
